// !$*UTF8*$!
{
	archiveVersion = 1;
	classes = {
	};
	objectVersion = 56;
	objects = {

/* Begin PBXBuildFile section */
		6D6AE61C2A2037FB00010016 /* AppDelegate.swift in Sources */ = {isa = PBXBuildFile; fileRef = 6D6AE61B2A2037FB00010016 /* AppDelegate.swift */; };
		6D6AE61E2A2037FB00010016 /* SceneDelegate.swift in Sources */ = {isa = PBXBuildFile; fileRef = 6D6AE61D2A2037FB00010016 /* SceneDelegate.swift */; };
		6D6AE6202A2037FB00010016 /* ViewController.swift in Sources */ = {isa = PBXBuildFile; fileRef = 6D6AE61F2A2037FB00010016 /* ViewController.swift */; };
		6D6AE6232A2037FB00010016 /* Main.storyboard in Resources */ = {isa = PBXBuildFile; fileRef = 6D6AE6212A2037FB00010016 /* Main.storyboard */; };
		6D6AE6262A2037FB00010016 /* MoviePlayer.xcdatamodeld in Sources */ = {isa = PBXBuildFile; fileRef = 6D6AE6242A2037FB00010016 /* MoviePlayer.xcdatamodeld */; };
		6D6AE6282A2037FD00010016 /* Assets.xcassets in Resources */ = {isa = PBXBuildFile; fileRef = 6D6AE6272A2037FD00010016 /* Assets.xcassets */; };
		6D6AE62B2A2037FD00010016 /* LaunchScreen.storyboard in Resources */ = {isa = PBXBuildFile; fileRef = 6D6AE6292A2037FD00010016 /* LaunchScreen.storyboard */; };
		6D6AE6362A2037FD00010016 /* MoviePlayerTests.swift in Sources */ = {isa = PBXBuildFile; fileRef = 6D6AE6352A2037FD00010016 /* MoviePlayerTests.swift */; };
		6D6AE6402A2037FD00010016 /* MoviePlayerUITests.swift in Sources */ = {isa = PBXBuildFile; fileRef = 6D6AE63F2A2037FD00010016 /* MoviePlayerUITests.swift */; };
		6D6AE6422A2037FD00010016 /* MoviePlayerUITestsLaunchTests.swift in Sources */ = {isa = PBXBuildFile; fileRef = 6D6AE6412A2037FD00010016 /* MoviePlayerUITestsLaunchTests.swift */; };
/* End PBXBuildFile section */

/* Begin PBXContainerItemProxy section */
		6D6AE6322A2037FD00010016 /* PBXContainerItemProxy */ = {
			isa = PBXContainerItemProxy;
			containerPortal = 6D6AE6102A2037FB00010016 /* Project object */;
			proxyType = 1;
			remoteGlobalIDString = 6D6AE6172A2037FB00010016;
			remoteInfo = MoviePlayer;
		};
		6D6AE63C2A2037FD00010016 /* PBXContainerItemProxy */ = {
			isa = PBXContainerItemProxy;
			containerPortal = 6D6AE6102A2037FB00010016 /* Project object */;
			proxyType = 1;
			remoteGlobalIDString = 6D6AE6172A2037FB00010016;
			remoteInfo = MoviePlayer;
		};
/* End PBXContainerItemProxy section */

/* Begin PBXFileReference section */
		6D6AE6182A2037FB00010016 /* MoviePlayer.app */ = {isa = PBXFileReference; explicitFileType = wrapper.application; includeInIndex = 0; path = MoviePlayer.app; sourceTree = BUILT_PRODUCTS_DIR; };
		6D6AE61B2A2037FB00010016 /* AppDelegate.swift */ = {isa = PBXFileReference; lastKnownFileType = sourcecode.swift; path = AppDelegate.swift; sourceTree = "<group>"; };
		6D6AE61D2A2037FB00010016 /* SceneDelegate.swift */ = {isa = PBXFileReference; lastKnownFileType = sourcecode.swift; path = SceneDelegate.swift; sourceTree = "<group>"; };
		6D6AE61F2A2037FB00010016 /* ViewController.swift */ = {isa = PBXFileReference; lastKnownFileType = sourcecode.swift; path = ViewController.swift; sourceTree = "<group>"; };
		6D6AE6222A2037FB00010016 /* Base */ = {isa = PBXFileReference; lastKnownFileType = file.storyboard; name = Base; path = Base.lproj/Main.storyboard; sourceTree = "<group>"; };
		6D6AE6252A2037FB00010016 /* MoviePlayer.xcdatamodel */ = {isa = PBXFileReference; lastKnownFileType = wrapper.xcdatamodel; path = MoviePlayer.xcdatamodel; sourceTree = "<group>"; };
		6D6AE6272A2037FD00010016 /* Assets.xcassets */ = {isa = PBXFileReference; lastKnownFileType = folder.assetcatalog; path = Assets.xcassets; sourceTree = "<group>"; };
		6D6AE62A2A2037FD00010016 /* Base */ = {isa = PBXFileReference; lastKnownFileType = file.storyboard; name = Base; path = Base.lproj/LaunchScreen.storyboard; sourceTree = "<group>"; };
		6D6AE62C2A2037FD00010016 /* Info.plist */ = {isa = PBXFileReference; lastKnownFileType = text.plist.xml; path = Info.plist; sourceTree = "<group>"; };
		6D6AE6312A2037FD00010016 /* MoviePlayerTests.xctest */ = {isa = PBXFileReference; explicitFileType = wrapper.cfbundle; includeInIndex = 0; path = MoviePlayerTests.xctest; sourceTree = BUILT_PRODUCTS_DIR; };
		6D6AE6352A2037FD00010016 /* MoviePlayerTests.swift */ = {isa = PBXFileReference; lastKnownFileType = sourcecode.swift; path = MoviePlayerTests.swift; sourceTree = "<group>"; };
		6D6AE63B2A2037FD00010016 /* MoviePlayerUITests.xctest */ = {isa = PBXFileReference; explicitFileType = wrapper.cfbundle; includeInIndex = 0; path = MoviePlayerUITests.xctest; sourceTree = BUILT_PRODUCTS_DIR; };
		6D6AE63F2A2037FD00010016 /* MoviePlayerUITests.swift */ = {isa = PBXFileReference; lastKnownFileType = sourcecode.swift; path = MoviePlayerUITests.swift; sourceTree = "<group>"; };
		6D6AE6412A2037FD00010016 /* MoviePlayerUITestsLaunchTests.swift */ = {isa = PBXFileReference; lastKnownFileType = sourcecode.swift; path = MoviePlayerUITestsLaunchTests.swift; sourceTree = "<group>"; };
/* End PBXFileReference section */

/* Begin PBXFrameworksBuildPhase section */
		6D6AE6152A2037FB00010016 /* Frameworks */ = {
			isa = PBXFrameworksBuildPhase;
			buildActionMask = 2147483647;
			files = (
			);
			runOnlyForDeploymentPostprocessing = 0;
		};
		6D6AE62E2A2037FD00010016 /* Frameworks */ = {
			isa = PBXFrameworksBuildPhase;
			buildActionMask = 2147483647;
			files = (
			);
			runOnlyForDeploymentPostprocessing = 0;
		};
		6D6AE6382A2037FD00010016 /* Frameworks */ = {
			isa = PBXFrameworksBuildPhase;
			buildActionMask = 2147483647;
			files = (
			);
			runOnlyForDeploymentPostprocessing = 0;
		};
/* End PBXFrameworksBuildPhase section */

/* Begin PBXGroup section */
		6D6AE60F2A2037FB00010016 = {
			isa = PBXGroup;
			children = (
				6D6AE61A2A2037FB00010016 /* MoviePlayer */,
				6D6AE6342A2037FD00010016 /* MoviePlayerTests */,
				6D6AE63E2A2037FD00010016 /* MoviePlayerUITests */,
				6D6AE6192A2037FB00010016 /* Products */,
			);
			sourceTree = "<group>";
		};
		6D6AE6192A2037FB00010016 /* Products */ = {
			isa = PBXGroup;
			children = (
				6D6AE6182A2037FB00010016 /* MoviePlayer.app */,
				6D6AE6312A2037FD00010016 /* MoviePlayerTests.xctest */,
				6D6AE63B2A2037FD00010016 /* MoviePlayerUITests.xctest */,
			);
			name = Products;
			sourceTree = "<group>";
		};
		6D6AE61A2A2037FB00010016 /* MoviePlayer */ = {
			isa = PBXGroup;
			children = (
				6D6AE61B2A2037FB00010016 /* AppDelegate.swift */,
				6D6AE61D2A2037FB00010016 /* SceneDelegate.swift */,
				6D6AE61F2A2037FB00010016 /* ViewController.swift */,
				6D6AE6212A2037FB00010016 /* Main.storyboard */,
				6D6AE6272A2037FD00010016 /* Assets.xcassets */,
				6D6AE6292A2037FD00010016 /* LaunchScreen.storyboard */,
				6D6AE62C2A2037FD00010016 /* Info.plist */,
				6D6AE6242A2037FB00010016 /* MoviePlayer.xcdatamodeld */,
			);
			path = MoviePlayer;
			sourceTree = "<group>";
		};
		6D6AE6342A2037FD00010016 /* MoviePlayerTests */ = {
			isa = PBXGroup;
			children = (
				6D6AE6352A2037FD00010016 /* MoviePlayerTests.swift */,
			);
			path = MoviePlayerTests;
			sourceTree = "<group>";
		};
		6D6AE63E2A2037FD00010016 /* MoviePlayerUITests */ = {
			isa = PBXGroup;
			children = (
				6D6AE63F2A2037FD00010016 /* MoviePlayerUITests.swift */,
				6D6AE6412A2037FD00010016 /* MoviePlayerUITestsLaunchTests.swift */,
			);
			path = MoviePlayerUITests;
			sourceTree = "<group>";
		};
/* End PBXGroup section */

/* Begin PBXNativeTarget section */
		6D6AE6172A2037FB00010016 /* MoviePlayer */ = {
			isa = PBXNativeTarget;
			buildConfigurationList = 6D6AE6452A2037FD00010016 /* Build configuration list for PBXNativeTarget "MoviePlayer" */;
			buildPhases = (
				6D6AE6142A2037FB00010016 /* Sources */,
				6D6AE6152A2037FB00010016 /* Frameworks */,
				6D6AE6162A2037FB00010016 /* Resources */,
			);
			buildRules = (
			);
			dependencies = (
			);
			name = MoviePlayer;
			productName = MoviePlayer;
			productReference = 6D6AE6182A2037FB00010016 /* MoviePlayer.app */;
			productType = "com.apple.product-type.application";
		};
		6D6AE6302A2037FD00010016 /* MoviePlayerTests */ = {
			isa = PBXNativeTarget;
			buildConfigurationList = 6D6AE6482A2037FD00010016 /* Build configuration list for PBXNativeTarget "MoviePlayerTests" */;
			buildPhases = (
				6D6AE62D2A2037FD00010016 /* Sources */,
				6D6AE62E2A2037FD00010016 /* Frameworks */,
				6D6AE62F2A2037FD00010016 /* Resources */,
			);
			buildRules = (
			);
			dependencies = (
				6D6AE6332A2037FD00010016 /* PBXTargetDependency */,
			);
			name = MoviePlayerTests;
			productName = MoviePlayerTests;
			productReference = 6D6AE6312A2037FD00010016 /* MoviePlayerTests.xctest */;
			productType = "com.apple.product-type.bundle.unit-test";
		};
		6D6AE63A2A2037FD00010016 /* MoviePlayerUITests */ = {
			isa = PBXNativeTarget;
			buildConfigurationList = 6D6AE64B2A2037FD00010016 /* Build configuration list for PBXNativeTarget "MoviePlayerUITests" */;
			buildPhases = (
				6D6AE6372A2037FD00010016 /* Sources */,
				6D6AE6382A2037FD00010016 /* Frameworks */,
				6D6AE6392A2037FD00010016 /* Resources */,
			);
			buildRules = (
			);
			dependencies = (
				6D6AE63D2A2037FD00010016 /* PBXTargetDependency */,
			);
			name = MoviePlayerUITests;
			productName = MoviePlayerUITests;
			productReference = 6D6AE63B2A2037FD00010016 /* MoviePlayerUITests.xctest */;
			productType = "com.apple.product-type.bundle.ui-testing";
		};
/* End PBXNativeTarget section */

/* Begin PBXProject section */
		6D6AE6102A2037FB00010016 /* Project object */ = {
			isa = PBXProject;
			attributes = {
				BuildIndependentTargetsInParallel = 1;
				LastSwiftUpdateCheck = 1430;
				LastUpgradeCheck = 1430;
				TargetAttributes = {
					6D6AE6172A2037FB00010016 = {
						CreatedOnToolsVersion = 14.3;
					};
					6D6AE6302A2037FD00010016 = {
						CreatedOnToolsVersion = 14.3;
						TestTargetID = 6D6AE6172A2037FB00010016;
					};
					6D6AE63A2A2037FD00010016 = {
						CreatedOnToolsVersion = 14.3;
						TestTargetID = 6D6AE6172A2037FB00010016;
					};
				};
			};
			buildConfigurationList = 6D6AE6132A2037FB00010016 /* Build configuration list for PBXProject "MoviePlayer" */;
			compatibilityVersion = "Xcode 14.0";
			developmentRegion = en;
			hasScannedForEncodings = 0;
			knownRegions = (
				en,
				Base,
			);
			mainGroup = 6D6AE60F2A2037FB00010016;
			productRefGroup = 6D6AE6192A2037FB00010016 /* Products */;
			projectDirPath = "";
			projectRoot = "";
			targets = (
				6D6AE6172A2037FB00010016 /* MoviePlayer */,
				6D6AE6302A2037FD00010016 /* MoviePlayerTests */,
				6D6AE63A2A2037FD00010016 /* MoviePlayerUITests */,
			);
		};
/* End PBXProject section */

/* Begin PBXResourcesBuildPhase section */
		6D6AE6162A2037FB00010016 /* Resources */ = {
			isa = PBXResourcesBuildPhase;
			buildActionMask = 2147483647;
			files = (
				6D6AE62B2A2037FD00010016 /* LaunchScreen.storyboard in Resources */,
				6D6AE6282A2037FD00010016 /* Assets.xcassets in Resources */,
				6D6AE6232A2037FB00010016 /* Main.storyboard in Resources */,
			);
			runOnlyForDeploymentPostprocessing = 0;
		};
		6D6AE62F2A2037FD00010016 /* Resources */ = {
			isa = PBXResourcesBuildPhase;
			buildActionMask = 2147483647;
			files = (
			);
			runOnlyForDeploymentPostprocessing = 0;
		};
		6D6AE6392A2037FD00010016 /* Resources */ = {
			isa = PBXResourcesBuildPhase;
			buildActionMask = 2147483647;
			files = (
			);
			runOnlyForDeploymentPostprocessing = 0;
		};
/* End PBXResourcesBuildPhase section */

/* Begin PBXSourcesBuildPhase section */
		6D6AE6142A2037FB00010016 /* Sources */ = {
			isa = PBXSourcesBuildPhase;
			buildActionMask = 2147483647;
			files = (
				6D6AE6202A2037FB00010016 /* ViewController.swift in Sources */,
				6D6AE6262A2037FB00010016 /* MoviePlayer.xcdatamodeld in Sources */,
				6D6AE61C2A2037FB00010016 /* AppDelegate.swift in Sources */,
				6D6AE61E2A2037FB00010016 /* SceneDelegate.swift in Sources */,
			);
			runOnlyForDeploymentPostprocessing = 0;
		};
		6D6AE62D2A2037FD00010016 /* Sources */ = {
			isa = PBXSourcesBuildPhase;
			buildActionMask = 2147483647;
			files = (
				6D6AE6362A2037FD00010016 /* MoviePlayerTests.swift in Sources */,
			);
			runOnlyForDeploymentPostprocessing = 0;
		};
		6D6AE6372A2037FD00010016 /* Sources */ = {
			isa = PBXSourcesBuildPhase;
			buildActionMask = 2147483647;
			files = (
				6D6AE6422A2037FD00010016 /* MoviePlayerUITestsLaunchTests.swift in Sources */,
				6D6AE6402A2037FD00010016 /* MoviePlayerUITests.swift in Sources */,
			);
			runOnlyForDeploymentPostprocessing = 0;
		};
/* End PBXSourcesBuildPhase section */

/* Begin PBXTargetDependency section */
		6D6AE6332A2037FD00010016 /* PBXTargetDependency */ = {
			isa = PBXTargetDependency;
			target = 6D6AE6172A2037FB00010016 /* MoviePlayer */;
			targetProxy = 6D6AE6322A2037FD00010016 /* PBXContainerItemProxy */;
		};
		6D6AE63D2A2037FD00010016 /* PBXTargetDependency */ = {
			isa = PBXTargetDependency;
			target = 6D6AE6172A2037FB00010016 /* MoviePlayer */;
			targetProxy = 6D6AE63C2A2037FD00010016 /* PBXContainerItemProxy */;
		};
/* End PBXTargetDependency section */

/* Begin PBXVariantGroup section */
		6D6AE6212A2037FB00010016 /* Main.storyboard */ = {
			isa = PBXVariantGroup;
			children = (
				6D6AE6222A2037FB00010016 /* Base */,
			);
			name = Main.storyboard;
			sourceTree = "<group>";
		};
		6D6AE6292A2037FD00010016 /* LaunchScreen.storyboard */ = {
			isa = PBXVariantGroup;
			children = (
				6D6AE62A2A2037FD00010016 /* Base */,
			);
			name = LaunchScreen.storyboard;
			sourceTree = "<group>";
		};
/* End PBXVariantGroup section */

/* Begin XCBuildConfiguration section */
		6D6AE6432A2037FD00010016 /* Debug */ = {
			isa = XCBuildConfiguration;
			buildSettings = {
				ALWAYS_SEARCH_USER_PATHS = NO;
				CLANG_ANALYZER_NONNULL = YES;
				CLANG_ANALYZER_NUMBER_OBJECT_CONVERSION = YES_AGGRESSIVE;
				CLANG_CXX_LANGUAGE_STANDARD = "gnu++20";
				CLANG_ENABLE_MODULES = YES;
				CLANG_ENABLE_OBJC_ARC = YES;
				CLANG_ENABLE_OBJC_WEAK = YES;
				CLANG_WARN_BLOCK_CAPTURE_AUTORELEASING = YES;
				CLANG_WARN_BOOL_CONVERSION = YES;
				CLANG_WARN_COMMA = YES;
				CLANG_WARN_CONSTANT_CONVERSION = YES;
				CLANG_WARN_DEPRECATED_OBJC_IMPLEMENTATIONS = YES;
				CLANG_WARN_DIRECT_OBJC_ISA_USAGE = YES_ERROR;
				CLANG_WARN_DOCUMENTATION_COMMENTS = YES;
				CLANG_WARN_EMPTY_BODY = YES;
				CLANG_WARN_ENUM_CONVERSION = YES;
				CLANG_WARN_INFINITE_RECURSION = YES;
				CLANG_WARN_INT_CONVERSION = YES;
				CLANG_WARN_NON_LITERAL_NULL_CONVERSION = YES;
				CLANG_WARN_OBJC_IMPLICIT_RETAIN_SELF = YES;
				CLANG_WARN_OBJC_LITERAL_CONVERSION = YES;
				CLANG_WARN_OBJC_ROOT_CLASS = YES_ERROR;
				CLANG_WARN_QUOTED_INCLUDE_IN_FRAMEWORK_HEADER = YES;
				CLANG_WARN_RANGE_LOOP_ANALYSIS = YES;
				CLANG_WARN_STRICT_PROTOTYPES = YES;
				CLANG_WARN_SUSPICIOUS_MOVE = YES;
				CLANG_WARN_UNGUARDED_AVAILABILITY = YES_AGGRESSIVE;
				CLANG_WARN_UNREACHABLE_CODE = YES;
				CLANG_WARN__DUPLICATE_METHOD_MATCH = YES;
				COPY_PHASE_STRIP = NO;
				DEBUG_INFORMATION_FORMAT = dwarf;
				ENABLE_STRICT_OBJC_MSGSEND = YES;
				ENABLE_TESTABILITY = YES;
				GCC_C_LANGUAGE_STANDARD = gnu11;
				GCC_DYNAMIC_NO_PIC = NO;
				GCC_NO_COMMON_BLOCKS = YES;
				GCC_OPTIMIZATION_LEVEL = 0;
				GCC_PREPROCESSOR_DEFINITIONS = (
					"DEBUG=1",
					"$(inherited)",
				);
				GCC_WARN_64_TO_32_BIT_CONVERSION = YES;
				GCC_WARN_ABOUT_RETURN_TYPE = YES_ERROR;
				GCC_WARN_UNDECLARED_SELECTOR = YES;
				GCC_WARN_UNINITIALIZED_AUTOS = YES_AGGRESSIVE;
				GCC_WARN_UNUSED_FUNCTION = YES;
				GCC_WARN_UNUSED_VARIABLE = YES;
				IPHONEOS_DEPLOYMENT_TARGET = 16.4;
				MTL_ENABLE_DEBUG_INFO = INCLUDE_SOURCE;
				MTL_FAST_MATH = YES;
				ONLY_ACTIVE_ARCH = YES;
				SDKROOT = iphoneos;
				SWIFT_ACTIVE_COMPILATION_CONDITIONS = DEBUG;
				SWIFT_OPTIMIZATION_LEVEL = "-Onone";
			};
			name = Debug;
		};
		6D6AE6442A2037FD00010016 /* Release */ = {
			isa = XCBuildConfiguration;
			buildSettings = {
				ALWAYS_SEARCH_USER_PATHS = NO;
				CLANG_ANALYZER_NONNULL = YES;
				CLANG_ANALYZER_NUMBER_OBJECT_CONVERSION = YES_AGGRESSIVE;
				CLANG_CXX_LANGUAGE_STANDARD = "gnu++20";
				CLANG_ENABLE_MODULES = YES;
				CLANG_ENABLE_OBJC_ARC = YES;
				CLANG_ENABLE_OBJC_WEAK = YES;
				CLANG_WARN_BLOCK_CAPTURE_AUTORELEASING = YES;
				CLANG_WARN_BOOL_CONVERSION = YES;
				CLANG_WARN_COMMA = YES;
				CLANG_WARN_CONSTANT_CONVERSION = YES;
				CLANG_WARN_DEPRECATED_OBJC_IMPLEMENTATIONS = YES;
				CLANG_WARN_DIRECT_OBJC_ISA_USAGE = YES_ERROR;
				CLANG_WARN_DOCUMENTATION_COMMENTS = YES;
				CLANG_WARN_EMPTY_BODY = YES;
				CLANG_WARN_ENUM_CONVERSION = YES;
				CLANG_WARN_INFINITE_RECURSION = YES;
				CLANG_WARN_INT_CONVERSION = YES;
				CLANG_WARN_NON_LITERAL_NULL_CONVERSION = YES;
				CLANG_WARN_OBJC_IMPLICIT_RETAIN_SELF = YES;
				CLANG_WARN_OBJC_LITERAL_CONVERSION = YES;
				CLANG_WARN_OBJC_ROOT_CLASS = YES_ERROR;
				CLANG_WARN_QUOTED_INCLUDE_IN_FRAMEWORK_HEADER = YES;
				CLANG_WARN_RANGE_LOOP_ANALYSIS = YES;
				CLANG_WARN_STRICT_PROTOTYPES = YES;
				CLANG_WARN_SUSPICIOUS_MOVE = YES;
				CLANG_WARN_UNGUARDED_AVAILABILITY = YES_AGGRESSIVE;
				CLANG_WARN_UNREACHABLE_CODE = YES;
				CLANG_WARN__DUPLICATE_METHOD_MATCH = YES;
				COPY_PHASE_STRIP = NO;
				DEBUG_INFORMATION_FORMAT = "dwarf-with-dsym";
				ENABLE_NS_ASSERTIONS = NO;
				ENABLE_STRICT_OBJC_MSGSEND = YES;
				GCC_C_LANGUAGE_STANDARD = gnu11;
				GCC_NO_COMMON_BLOCKS = YES;
				GCC_WARN_64_TO_32_BIT_CONVERSION = YES;
				GCC_WARN_ABOUT_RETURN_TYPE = YES_ERROR;
				GCC_WARN_UNDECLARED_SELECTOR = YES;
				GCC_WARN_UNINITIALIZED_AUTOS = YES_AGGRESSIVE;
				GCC_WARN_UNUSED_FUNCTION = YES;
				GCC_WARN_UNUSED_VARIABLE = YES;
				IPHONEOS_DEPLOYMENT_TARGET = 16.4;
				MTL_ENABLE_DEBUG_INFO = NO;
				MTL_FAST_MATH = YES;
				SDKROOT = iphoneos;
				SWIFT_COMPILATION_MODE = wholemodule;
				SWIFT_OPTIMIZATION_LEVEL = "-O";
				VALIDATE_PRODUCT = YES;
			};
			name = Release;
		};
		6D6AE6462A2037FD00010016 /* Debug */ = {
			isa = XCBuildConfiguration;
			buildSettings = {
				ASSETCATALOG_COMPILER_APPICON_NAME = AppIcon;
				ASSETCATALOG_COMPILER_GLOBAL_ACCENT_COLOR_NAME = AccentColor;
				CODE_SIGN_STYLE = Automatic;
				CURRENT_PROJECT_VERSION = 1;
				GENERATE_INFOPLIST_FILE = YES;
				INFOPLIST_FILE = MoviePlayer/Info.plist;
				INFOPLIST_KEY_UIApplicationSupportsIndirectInputEvents = YES;
				INFOPLIST_KEY_UILaunchStoryboardName = LaunchScreen;
				INFOPLIST_KEY_UIMainStoryboardFile = Main;
				INFOPLIST_KEY_UISupportedInterfaceOrientations_iPad = "UIInterfaceOrientationPortrait UIInterfaceOrientationPortraitUpsideDown UIInterfaceOrientationLandscapeLeft UIInterfaceOrientationLandscapeRight";
				INFOPLIST_KEY_UISupportedInterfaceOrientations_iPhone = "UIInterfaceOrientationPortrait UIInterfaceOrientationLandscapeLeft UIInterfaceOrientationLandscapeRight";
				LD_RUNPATH_SEARCH_PATHS = (
					"$(inherited)",
					"@executable_path/Frameworks",
				);
				MARKETING_VERSION = 1.0;
				PRODUCT_BUNDLE_IDENTIFIER = kr.ac.cu.MoviePlayer;
				PRODUCT_NAME = "$(TARGET_NAME)";
				SWIFT_EMIT_LOC_STRINGS = YES;
				SWIFT_VERSION = 5.0;
				TARGETED_DEVICE_FAMILY = "1,2";
			};
			name = Debug;
		};
		6D6AE6472A2037FD00010016 /* Release */ = {
			isa = XCBuildConfiguration;
			buildSettings = {
				ASSETCATALOG_COMPILER_APPICON_NAME = AppIcon;
				ASSETCATALOG_COMPILER_GLOBAL_ACCENT_COLOR_NAME = AccentColor;
				CODE_SIGN_STYLE = Automatic;
				CURRENT_PROJECT_VERSION = 1;
				GENERATE_INFOPLIST_FILE = YES;
				INFOPLIST_FILE = MoviePlayer/Info.plist;
				INFOPLIST_KEY_UIApplicationSupportsIndirectInputEvents = YES;
				INFOPLIST_KEY_UILaunchStoryboardName = LaunchScreen;
				INFOPLIST_KEY_UIMainStoryboardFile = Main;
				INFOPLIST_KEY_UISupportedInterfaceOrientations_iPad = "UIInterfaceOrientationPortrait UIInterfaceOrientationPortraitUpsideDown UIInterfaceOrientationLandscapeLeft UIInterfaceOrientationLandscapeRight";
				INFOPLIST_KEY_UISupportedInterfaceOrientations_iPhone = "UIInterfaceOrientationPortrait UIInterfaceOrientationLandscapeLeft UIInterfaceOrientationLandscapeRight";
				LD_RUNPATH_SEARCH_PATHS = (
					"$(inherited)",
					"@executable_path/Frameworks",
				);
				MARKETING_VERSION = 1.0;
				PRODUCT_BUNDLE_IDENTIFIER = kr.ac.cu.MoviePlayer;
				PRODUCT_NAME = "$(TARGET_NAME)";
				SWIFT_EMIT_LOC_STRINGS = YES;
				SWIFT_VERSION = 5.0;
				TARGETED_DEVICE_FAMILY = "1,2";
			};
			name = Release;
		};
		6D6AE6492A2037FD00010016 /* Debug */ = {
			isa = XCBuildConfiguration;
			buildSettings = {
				ALWAYS_EMBED_SWIFT_STANDARD_LIBRARIES = YES;
				BUNDLE_LOADER = "$(TEST_HOST)";
				CODE_SIGN_STYLE = Automatic;
				CURRENT_PROJECT_VERSION = 1;
				GENERATE_INFOPLIST_FILE = YES;
				IPHONEOS_DEPLOYMENT_TARGET = 16.4;
				MARKETING_VERSION = 1.0;
				PRODUCT_BUNDLE_IDENTIFIER = kr.ac.cu.MoviePlayerTests;
				PRODUCT_NAME = "$(TARGET_NAME)";
				SWIFT_EMIT_LOC_STRINGS = NO;
				SWIFT_VERSION = 5.0;
				TARGETED_DEVICE_FAMILY = "1,2";
				TEST_HOST = "$(BUILT_PRODUCTS_DIR)/MoviePlayer.app/$(BUNDLE_EXECUTABLE_FOLDER_PATH)/MoviePlayer";
			};
			name = Debug;
		};
		6D6AE64A2A2037FD00010016 /* Release */ = {
			isa = XCBuildConfiguration;
			buildSettings = {
				ALWAYS_EMBED_SWIFT_STANDARD_LIBRARIES = YES;
				BUNDLE_LOADER = "$(TEST_HOST)";
				CODE_SIGN_STYLE = Automatic;
				CURRENT_PROJECT_VERSION = 1;
				GENERATE_INFOPLIST_FILE = YES;
				IPHONEOS_DEPLOYMENT_TARGET = 16.4;
				MARKETING_VERSION = 1.0;
				PRODUCT_BUNDLE_IDENTIFIER = kr.ac.cu.MoviePlayerTests;
				PRODUCT_NAME = "$(TARGET_NAME)";
				SWIFT_EMIT_LOC_STRINGS = NO;
				SWIFT_VERSION = 5.0;
				TARGETED_DEVICE_FAMILY = "1,2";
				TEST_HOST = "$(BUILT_PRODUCTS_DIR)/MoviePlayer.app/$(BUNDLE_EXECUTABLE_FOLDER_PATH)/MoviePlayer";
			};
			name = Release;
		};
		6D6AE64C2A2037FD00010016 /* Debug */ = {
			isa = XCBuildConfiguration;
			buildSettings = {
				ALWAYS_EMBED_SWIFT_STANDARD_LIBRARIES = YES;
				CODE_SIGN_STYLE = Automatic;
				CURRENT_PROJECT_VERSION = 1;
				GENERATE_INFOPLIST_FILE = YES;
				MARKETING_VERSION = 1.0;
				PRODUCT_BUNDLE_IDENTIFIER = kr.ac.cu.MoviePlayerUITests;
				PRODUCT_NAME = "$(TARGET_NAME)";
				SWIFT_EMIT_LOC_STRINGS = NO;
				SWIFT_VERSION = 5.0;
				TARGETED_DEVICE_FAMILY = "1,2";
				TEST_TARGET_NAME = MoviePlayer;
			};
			name = Debug;
		};
		6D6AE64D2A2037FD00010016 /* Release */ = {
			isa = XCBuildConfiguration;
			buildSettings = {
				ALWAYS_EMBED_SWIFT_STANDARD_LIBRARIES = YES;
				CODE_SIGN_STYLE = Automatic;
				CURRENT_PROJECT_VERSION = 1;
				GENERATE_INFOPLIST_FILE = YES;
				MARKETING_VERSION = 1.0;
				PRODUCT_BUNDLE_IDENTIFIER = kr.ac.cu.MoviePlayerUITests;
				PRODUCT_NAME = "$(TARGET_NAME)";
				SWIFT_EMIT_LOC_STRINGS = NO;
				SWIFT_VERSION = 5.0;
				TARGETED_DEVICE_FAMILY = "1,2";
				TEST_TARGET_NAME = MoviePlayer;
			};
			name = Release;
		};
/* End XCBuildConfiguration section */

/* Begin XCConfigurationList section */
		6D6AE6132A2037FB00010016 /* Build configuration list for PBXProject "MoviePlayer" */ = {
			isa = XCConfigurationList;
			buildConfigurations = (
				6D6AE6432A2037FD00010016 /* Debug */,
				6D6AE6442A2037FD00010016 /* Release */,
			);
			defaultConfigurationIsVisible = 0;
			defaultConfigurationName = Release;
		};
		6D6AE6452A2037FD00010016 /* Build configuration list for PBXNativeTarget "MoviePlayer" */ = {
			isa = XCConfigurationList;
			buildConfigurations = (
				6D6AE6462A2037FD00010016 /* Debug */,
				6D6AE6472A2037FD00010016 /* Release */,
			);
			defaultConfigurationIsVisible = 0;
			defaultConfigurationName = Release;
		};
		6D6AE6482A2037FD00010016 /* Build configuration list for PBXNativeTarget "MoviePlayerTests" */ = {
			isa = XCConfigurationList;
			buildConfigurations = (
				6D6AE6492A2037FD00010016 /* Debug */,
				6D6AE64A2A2037FD00010016 /* Release */,
			);
			defaultConfigurationIsVisible = 0;
			defaultConfigurationName = Release;
		};
		6D6AE64B2A2037FD00010016 /* Build configuration list for PBXNativeTarget "MoviePlayerUITests" */ = {
			isa = XCConfigurationList;
			buildConfigurations = (
				6D6AE64C2A2037FD00010016 /* Debug */,
				6D6AE64D2A2037FD00010016 /* Release */,
			);
			defaultConfigurationIsVisible = 0;
			defaultConfigurationName = Release;
		};
/* End XCConfigurationList section */

/* Begin XCVersionGroup section */
		6D6AE6242A2037FB00010016 /* MoviePlayer.xcdatamodeld */ = {
			isa = XCVersionGroup;
			children = (
				6D6AE6252A2037FB00010016 /* MoviePlayer.xcdatamodel */,
			);
			currentVersion = 6D6AE6252A2037FB00010016 /* MoviePlayer.xcdatamodel */;
			path = MoviePlayer.xcdatamodeld;
			sourceTree = "<group>";
			versionGroupType = wrapper.xcdatamodel;
		};
/* End XCVersionGroup section */
	};
	rootObject = 6D6AE6102A2037FB00010016 /* Project object */;
}
